{
  "name": "backup pyspark - flujo pd",
  "lockfileVersion": 3,
  "requires": true,
  "packages": {
    "": {
      "dependencies": {
        "@anthropic-ai/claude-code": "^2.1.117"
      }
    },
    "node_modules/@anthropic-ai/claude-code": {
      "version": "2.1.117",
      "resolved": "https://registry.npmjs.org/@anthropic-ai/claude-code/-/claude-code-2.1.117.tgz",
      "integrity": "sha512-HnFzlXyYBxpIFg9eLoWiExXgdvjQJVIGnfGtJJZjOdYUqiI2yd0STro8XxdllWupEqMdxiES62Js6ZsYDjHMwg==",
      "hasInstallScript": true,
      "license": "SEE LICENSE IN README.md",
      "bin": {
        "claude": "bin/claude.exe"
      },
      "engines": {
        "node": ">=18.0.0"
      },
      "optionalDependencies": {
        "@anthropic-ai/claude-code-darwin-arm64": "2.1.117",
        "@anthropic-ai/claude-code-darwin-x64": "2.1.117",
        "@anthropic-ai/claude-code-linux-arm64": "2.1.117",
        "@anthropic-ai/claude-code-linux-arm64-musl": "2.1.117",
        "@anthropic-ai/claude-code-linux-x64": "2.1.117",
        "@anthropic-ai/claude-code-linux-x64-musl": "2.1.117",
        "@anthropic-ai/claude-code-win32-arm64": "2.1.117",
        "@anthropic-ai/claude-code-win32-x64": "2.1.117"
      }
    },
    "node_modules/@anthropic-ai/claude-code-darwin-arm64": {
      "version": "2.1.117",
      "resolved": "https://registry.npmjs.org/@anthropic-ai/claude-code-darwin-arm64/-/claude-code-darwin-arm64-2.1.117.tgz",
      "integrity": "sha512-+dflv71gbB8aZ5SvQtaDWA0FhhTczGQCr9wUtx3Ij6Iux+Tp6BT4rfAbuZhEPKEFzFoO6kf/Oj4DCp1KuulCHQ==",
      "cpu": [
        "arm64"
      ],
      "license": "SEE LICENSE IN LICENSE.md",
      "optional": true,
      "os": [
        "darwin"
      ]
    },
    "node_modules/@anthropic-ai/claude-code-darwin-x64": {
      "version": "2.1.117",
      "resolved": "https://registry.npmjs.org/@anthropic-ai/claude-code-darwin-x64/-/claude-code-darwin-x64-2.1.117.tgz",
      "integrity": "sha512-Z2RhIBbLR5WiXeM0ZCxr5Otcr7suDFWDO5Gi4cXvoNa8CLirZesoZPI0yvtIh3X7EH8R8dr8iZrNERguNbS4gA==",
      "cpu": [
        "x64"
      ],
      "license": "SEE LICENSE IN LICENSE.md",
      "optional": true,
      "os": [
        "darwin"
      ]
    },
    "node_modules/@anthropic-ai/claude-code-linux-arm64": {
      "version": "2.1.117",
      "resolved": "https://registry.npmjs.org/@anthropic-ai/claude-code-linux-arm64/-/claude-code-linux-arm64-2.1.117.tgz",
      "integrity": "sha512-ymELfVJeE35elgejSXzXLEHLbm3hebZc0fwcoBwhKrzWBbfwvm2ph1ZFPJ2PuSrsDZwU2RAyMLVJbQLqEJhGNw==",
      "cpu": [
        "arm64"
      ],
      "libc": [
        "glibc"
      ],
      "license": "SEE LICENSE IN LICENSE.md",
      "optional": true,
      "os": [
        "linux"
      ]
    },
    "node_modules/@anthropic-ai/claude-code-linux-arm64-musl": {
      "version": "2.1.117",
      "resolved": "https://registry.npmjs.org/@anthropic-ai/claude-code-linux-arm64-musl/-/claude-code-linux-arm64-musl-2.1.117.tgz",
      "integrity": "sha512-xYQOMiEDLrvLzf792FyCQgOSC33NGtGHoYPZgIqXKxlO+XnYQImVb7qDZg6gDDp9NmbHd3P2ac7FRt70sShQUg==",
      "cpu": [
        "arm64"
      ],
      "libc": [
        "musl"
      ],
      "license": "SEE LICENSE IN LICENSE.md",
      "optional": true,
      "os": [
        "linux"
      ]
    },
    "node_modules/@anthropic-ai/claude-code-linux-x64": {
      "version": "2.1.117",
      "resolved": "https://registry.npmjs.org/@anthropic-ai/claude-code-linux-x64/-/claude-code-linux-x64-2.1.117.tgz",
      "integrity": "sha512-bhN6qnc9xchKQqKWdwuZazEeSO+9NIhOPcoD/WgqTK5QRPSAwnvo5SZWIQUbkNbTKLaMwuxAu3u+Fj/jYbiidg==",
      "cpu": [
        "x64"
      ],
      "libc": [
        "glibc"
      ],
      "license": "SEE LICENSE IN LICENSE.md",
      "optional": true,
      "os": [
        "linux"
      ]
    },
    "node_modules/@anthropic-ai/claude-code-linux-x64-musl": {
      "version": "2.1.117",
      "resolved": "https://registry.npmjs.org/@anthropic-ai/claude-code-linux-x64-musl/-/claude-code-linux-x64-musl-2.1.117.tgz",
      "integrity": "sha512-5V/ON8ptv8rZakyH8MKFrhs00zkxiKrsgQrVPtGMWwkWm6NppmEDtkGJdl4iS7z8NpiNaRO3Ug061JcKMgO/pw==",
      "cpu": [
        "x64"
      ],
      "libc": [
        "musl"
      ],
      "license": "SEE LICENSE IN LICENSE.md",
      "optional": true,
      "os": [
        "linux"
      ]
    },
    "node_modules/@anthropic-ai/claude-code-win32-arm64": {
      "version": "2.1.117",
      "resolved": "https://registry.npmjs.org/@anthropic-ai/claude-code-win32-arm64/-/claude-code-win32-arm64-2.1.117.tgz",
      "integrity": "sha512-ILId3K1kpFZF0ZNa3nJzazFjCImZlaal7TXXkjtTpcM4fJ44BEp16W2Y2mh9g/wLFAER0tuGS5KpxuT5BXDPPQ==",
      "cpu": [
        "arm64"
      ],
      "license": "SEE LICENSE IN LICENSE.md",
      "optional": true,
      "os": [
        "win32"
      ]
    },
    "node_modules/@anthropic-ai/claude-code-win32-x64": {
      "version": "2.1.117",
      "resolved": "https://registry.npmjs.org/@anthropic-ai/claude-code-win32-x64/-/claude-code-win32-x64-2.1.117.tgz",
      "integrity": "sha512-773YIa1KQbwXSZ6HVvB4hst68bUyhDFRHIo0UDM0EkWd+UYcRjsazWtrFzFy4ZmxP0eyirqkryBCiYlxk0G9mg==",
      "cpu": [
        "x64"
      ],
      "license": "SEE LICENSE IN LICENSE.md",
      "optional": true,
      "os": [
        "win32"
      ]
    }
  }
}
